
Microsoft Visual Studio Solution File, Format Version 12.00
# Visual Studio Version 17
VisualStudioVersion = 17.9.34723.18
MinimumVisualStudioVersion = 10.0.40219.1
Project("{FAE04EC0-301F-11D3-BF4B-00C04F79EFBC}") = "MiniStore", "MiniStore\MiniStore.csproj", "{416383A1-A864-4574-B514-422F51F1D2A7}"
EndProject
Global
	GlobalSection(SolutionConfigurationPlatforms) = preSolution
		Debug|Any CPU = Debug|Any CPU
		Release|Any CPU = Release|Any CPU
	EndGlobalSection
	GlobalSection(ProjectConfigurationPlatforms) = postSolution
		{416383A1-A864-4574-B514-422F51F1D2A7}.Debug|Any CPU.ActiveCfg = Debug|Any CPU
		{416383A1-A864-4574-B514-422F51F1D2A7}.Debug|Any CPU.Build.0 = Debug|Any CPU
		{416383A1-A864-4574-B514-422F51F1D2A7}.Release|Any CPU.ActiveCfg = Release|Any CPU
		{416383A1-A864-4574-B514-422F51F1D2A7}.Release|Any CPU.Build.0 = Release|Any CPU
	EndGlobalSection
	GlobalSection(SolutionProperties) = preSolution
		HideSolutionNode = FALSE
	EndGlobalSection
	GlobalSection(ExtensibilityGlobals) = postSolution
		SolutionGuid = {36A3B755-1D07-4197-8EE9-1F6CE24BFB76}
	EndGlobalSection
EndGlobal
